
Microsoft Visual Studio Solution File, Format Version 12.00
# Visual Studio Version 17
VisualStudioVersion = 17.10.35122.118
MinimumVisualStudioVersion = 10.0.40219.1
Project("{9A19103F-16F7-4668-BE54-9A1E7A4F7556}") = "CompanyEmployees", "CompanyEmployees\CompanyEmployees.csproj", "{B51F0016-170D-40CC-8F38-324DB48EDD9E}"
EndProject
Project("{FAE04EC0-301F-11D3-BF4B-00C04F79EFBC}") = "LoggingService", "LoggingService\LoggingService.csproj", "{129701E3-4F7A-4CB8-BF3B-0E7A41E84279}"
EndProject
Project("{FAE04EC0-301F-11D3-BF4B-00C04F79EFBC}") = "CompanyEmployees.Core.Domain", "CompanyEmployees.Core.Domain\CompanyEmployees.Core.Domain.csproj", "{0B060B3E-AC94-4F3A-8584-DC33176F77D8}"
EndProject
Project("{FAE04EC0-301F-11D3-BF4B-00C04F79EFBC}") = "CompanyEmployees.Intrastructure.Persistence", "CompanyEmployees.Intrastructure.Persistence\CompanyEmployees.Intrastructure.Persistence.csproj", "{495BF0C2-615E-47A0-88CB-C23EB44778C4}"
EndProject
Project("{FAE04EC0-301F-11D3-BF4B-00C04F79EFBC}") = "CompanyEmployees.Core.Services.Abstractions", "CompanyEmployees.Core.Services.Abstractions\CompanyEmployees.Core.Services.Abstractions.csproj", "{62472F15-F128-4B4A-9CCA-E25D75FE726B}"
EndProject
Project("{FAE04EC0-301F-11D3-BF4B-00C04F79EFBC}") = "CompanyEmployees.Core.Services", "CompanyEmployees.Core.Services\CompanyEmployees.Core.Services.csproj", "{0770FCF7-3A00-4F0D-AC8B-AAF6FC41FBC7}"
EndProject
Project("{FAE04EC0-301F-11D3-BF4B-00C04F79EFBC}") = "CompanyEmployees.Infrastructure.Presentation", "CompanyEmployees.Infrastructure.Presentation\CompanyEmployees.Infrastructure.Presentation.csproj", "{2043052D-C62E-4F0D-89DB-F7602A7C2867}"
EndProject
Project("{FAE04EC0-301F-11D3-BF4B-00C04F79EFBC}") = "Share", "Share\Share.csproj", "{E444365E-1E48-485E-8244-3139DC7F9B69}"
EndProject
Global
	GlobalSection(SolutionConfigurationPlatforms) = preSolution
		Debug|Any CPU = Debug|Any CPU
		Release|Any CPU = Release|Any CPU
	EndGlobalSection
	GlobalSection(ProjectConfigurationPlatforms) = postSolution
		{B51F0016-170D-40CC-8F38-324DB48EDD9E}.Debug|Any CPU.ActiveCfg = Debug|Any CPU
		{B51F0016-170D-40CC-8F38-324DB48EDD9E}.Debug|Any CPU.Build.0 = Debug|Any CPU
		{B51F0016-170D-40CC-8F38-324DB48EDD9E}.Release|Any CPU.ActiveCfg = Release|Any CPU
		{B51F0016-170D-40CC-8F38-324DB48EDD9E}.Release|Any CPU.Build.0 = Release|Any CPU
		{129701E3-4F7A-4CB8-BF3B-0E7A41E84279}.Debug|Any CPU.ActiveCfg = Debug|Any CPU
		{129701E3-4F7A-4CB8-BF3B-0E7A41E84279}.Debug|Any CPU.Build.0 = Debug|Any CPU
		{129701E3-4F7A-4CB8-BF3B-0E7A41E84279}.Release|Any CPU.ActiveCfg = Release|Any CPU
		{129701E3-4F7A-4CB8-BF3B-0E7A41E84279}.Release|Any CPU.Build.0 = Release|Any CPU
		{0B060B3E-AC94-4F3A-8584-DC33176F77D8}.Debug|Any CPU.ActiveCfg = Debug|Any CPU
		{0B060B3E-AC94-4F3A-8584-DC33176F77D8}.Debug|Any CPU.Build.0 = Debug|Any CPU
		{0B060B3E-AC94-4F3A-8584-DC33176F77D8}.Release|Any CPU.ActiveCfg = Release|Any CPU
		{0B060B3E-AC94-4F3A-8584-DC33176F77D8}.Release|Any CPU.Build.0 = Release|Any CPU
		{495BF0C2-615E-47A0-88CB-C23EB44778C4}.Debug|Any CPU.ActiveCfg = Debug|Any CPU
		{495BF0C2-615E-47A0-88CB-C23EB44778C4}.Debug|Any CPU.Build.0 = Debug|Any CPU
		{495BF0C2-615E-47A0-88CB-C23EB44778C4}.Release|Any CPU.ActiveCfg = Release|Any CPU
		{495BF0C2-615E-47A0-88CB-C23EB44778C4}.Release|Any CPU.Build.0 = Release|Any CPU
		{62472F15-F128-4B4A-9CCA-E25D75FE726B}.Debug|Any CPU.ActiveCfg = Debug|Any CPU
		{62472F15-F128-4B4A-9CCA-E25D75FE726B}.Debug|Any CPU.Build.0 = Debug|Any CPU
		{62472F15-F128-4B4A-9CCA-E25D75FE726B}.Release|Any CPU.ActiveCfg = Release|Any CPU
		{62472F15-F128-4B4A-9CCA-E25D75FE726B}.Release|Any CPU.Build.0 = Release|Any CPU
		{0770FCF7-3A00-4F0D-AC8B-AAF6FC41FBC7}.Debug|Any CPU.ActiveCfg = Debug|Any CPU
		{0770FCF7-3A00-4F0D-AC8B-AAF6FC41FBC7}.Debug|Any CPU.Build.0 = Debug|Any CPU
		{0770FCF7-3A00-4F0D-AC8B-AAF6FC41FBC7}.Release|Any CPU.ActiveCfg = Release|Any CPU
		{0770FCF7-3A00-4F0D-AC8B-AAF6FC41FBC7}.Release|Any CPU.Build.0 = Release|Any CPU
		{2043052D-C62E-4F0D-89DB-F7602A7C2867}.Debug|Any CPU.ActiveCfg = Debug|Any CPU
		{2043052D-C62E-4F0D-89DB-F7602A7C2867}.Debug|Any CPU.Build.0 = Debug|Any CPU
		{2043052D-C62E-4F0D-89DB-F7602A7C2867}.Release|Any CPU.ActiveCfg = Release|Any CPU
		{2043052D-C62E-4F0D-89DB-F7602A7C2867}.Release|Any CPU.Build.0 = Release|Any CPU
		{E444365E-1E48-485E-8244-3139DC7F9B69}.Debug|Any CPU.ActiveCfg = Debug|Any CPU
		{E444365E-1E48-485E-8244-3139DC7F9B69}.Debug|Any CPU.Build.0 = Debug|Any CPU
		{E444365E-1E48-485E-8244-3139DC7F9B69}.Release|Any CPU.ActiveCfg = Release|Any CPU
		{E444365E-1E48-485E-8244-3139DC7F9B69}.Release|Any CPU.Build.0 = Release|Any CPU
	EndGlobalSection
	GlobalSection(SolutionProperties) = preSolution
		HideSolutionNode = FALSE
	EndGlobalSection
	GlobalSection(ExtensibilityGlobals) = postSolution
		SolutionGuid = {6B509557-D8AB-4004-885E-AF6F0D213246}
	EndGlobalSection
EndGlobal
